
Microsoft Visual Studio Solution File, Format Version 10.00
# Visual Studio 2008
Project("{F184B08F-C81C-45F6-A57F-5ABD9991F28F}") = "dto", "dto.vbproj", "{8BC6595A-9EF4-4E63-A281-76C25966FED5}"
EndProject
Project("{F184B08F-C81C-45F6-A57F-5ABD9991F28F}") = "dao", "..\dao\dao.vbproj", "{B54DDF2B-ADBF-43F3-A5EA-21CAB192739E}"
EndProject
Global
	GlobalSection(SolutionConfigurationPlatforms) = preSolution
		Debug|Any CPU = Debug|Any CPU
		Release|Any CPU = Release|Any CPU
	EndGlobalSection
	GlobalSection(ProjectConfigurationPlatforms) = postSolution
		{8BC6595A-9EF4-4E63-A281-76C25966FED5}.Debug|Any CPU.ActiveCfg = Debug|Any CPU
		{8BC6595A-9EF4-4E63-A281-76C25966FED5}.Debug|Any CPU.Build.0 = Debug|Any CPU
		{8BC6595A-9EF4-4E63-A281-76C25966FED5}.Release|Any CPU.ActiveCfg = Release|Any CPU
		{8BC6595A-9EF4-4E63-A281-76C25966FED5}.Release|Any CPU.Build.0 = Release|Any CPU
		{B54DDF2B-ADBF-43F3-A5EA-21CAB192739E}.Debug|Any CPU.ActiveCfg = Debug|Any CPU
		{B54DDF2B-ADBF-43F3-A5EA-21CAB192739E}.Debug|Any CPU.Build.0 = Debug|Any CPU
		{B54DDF2B-ADBF-43F3-A5EA-21CAB192739E}.Release|Any CPU.ActiveCfg = Release|Any CPU
		{B54DDF2B-ADBF-43F3-A5EA-21CAB192739E}.Release|Any CPU.Build.0 = Release|Any CPU
	EndGlobalSection
	GlobalSection(SolutionProperties) = preSolution
		HideSolutionNode = FALSE
	EndGlobalSection
EndGlobal
